
Microsoft Visual Studio Solution File, Format Version 12.00
# Visual Studio Version 16
VisualStudioVersion = 16.0.32802.440
MinimumVisualStudioVersion = 10.0.40219.1
Project("{9A19103F-16F7-4668-BE54-9A1E7A4F7556}") = "ExamStorm", "ExamStorm.csproj", "{486AA502-4221-470F-AB24-35E3F8502225}"
EndProject
Project("{FAE04EC0-301F-11D3-BF4B-00C04F79EFBC}") = "ExamStorm.DataManager", "..\ExamStorm.DataManagement\ExamStorm.DataManager.csproj", "{5A5D3ECE-29D7-41FC-8313-DCAD83920AF7}"
EndProject
Global
	GlobalSection(SolutionConfigurationPlatforms) = preSolution
		Debug|Any CPU = Debug|Any CPU
		Release|Any CPU = Release|Any CPU
	EndGlobalSection
	GlobalSection(ProjectConfigurationPlatforms) = postSolution
		{486AA502-4221-470F-AB24-35E3F8502225}.Debug|Any CPU.ActiveCfg = Debug|Any CPU
		{486AA502-4221-470F-AB24-35E3F8502225}.Debug|Any CPU.Build.0 = Debug|Any CPU
		{486AA502-4221-470F-AB24-35E3F8502225}.Release|Any CPU.ActiveCfg = Release|Any CPU
		{486AA502-4221-470F-AB24-35E3F8502225}.Release|Any CPU.Build.0 = Release|Any CPU
		{5A5D3ECE-29D7-41FC-8313-DCAD83920AF7}.Debug|Any CPU.ActiveCfg = Debug|Any CPU
		{5A5D3ECE-29D7-41FC-8313-DCAD83920AF7}.Debug|Any CPU.Build.0 = Debug|Any CPU
		{5A5D3ECE-29D7-41FC-8313-DCAD83920AF7}.Release|Any CPU.ActiveCfg = Release|Any CPU
		{5A5D3ECE-29D7-41FC-8313-DCAD83920AF7}.Release|Any CPU.Build.0 = Release|Any CPU
	EndGlobalSection
	GlobalSection(SolutionProperties) = preSolution
		HideSolutionNode = FALSE
	EndGlobalSection
	GlobalSection(ExtensibilityGlobals) = postSolution
		SolutionGuid = {4637A95A-2342-4CF0-979F-965C7C884E30}
	EndGlobalSection
EndGlobal
